
Microsoft Visual Studio Solution File, Format Version 12.00
# Visual Studio Version 17
VisualStudioVersion = 17.8.34330.188
MinimumVisualStudioVersion = 10.0.40219.1
Project("{9A19103F-16F7-4668-BE54-9A1E7A4F7556}") = "YTPlaylistManager", "YTPlaylistManager\YTPlaylistManager\YTPlaylistManager.csproj", "{7968EC62-A15A-47EE-86AA-DC4085E10BC0}"
EndProject
Project("{9A19103F-16F7-4668-BE54-9A1E7A4F7556}") = "YTPlaylistManager.Client", "YTPlaylistManager\YTPlaylistManager.Client\YTPlaylistManager.Client.csproj", "{7A9AD664-75FA-4A41-A86F-11687C28BE66}"
EndProject
Project("{FAE04EC0-301F-11D3-BF4B-00C04F79EFBC}") = "YTPlaylistManager.Domain", "YTPlaylistManager.Domain\YTPlaylistManager.Domain.csproj", "{890B26C8-9EF0-4564-B847-BE6180B6740A}"
EndProject
Global
	GlobalSection(SolutionConfigurationPlatforms) = preSolution
		Debug|Any CPU = Debug|Any CPU
		Release|Any CPU = Release|Any CPU
	EndGlobalSection
	GlobalSection(ProjectConfigurationPlatforms) = postSolution
		{7968EC62-A15A-47EE-86AA-DC4085E10BC0}.Debug|Any CPU.ActiveCfg = Debug|Any CPU
		{7968EC62-A15A-47EE-86AA-DC4085E10BC0}.Debug|Any CPU.Build.0 = Debug|Any CPU
		{7968EC62-A15A-47EE-86AA-DC4085E10BC0}.Release|Any CPU.ActiveCfg = Release|Any CPU
		{7968EC62-A15A-47EE-86AA-DC4085E10BC0}.Release|Any CPU.Build.0 = Release|Any CPU
		{7A9AD664-75FA-4A41-A86F-11687C28BE66}.Debug|Any CPU.ActiveCfg = Debug|Any CPU
		{7A9AD664-75FA-4A41-A86F-11687C28BE66}.Debug|Any CPU.Build.0 = Debug|Any CPU
		{7A9AD664-75FA-4A41-A86F-11687C28BE66}.Release|Any CPU.ActiveCfg = Release|Any CPU
		{7A9AD664-75FA-4A41-A86F-11687C28BE66}.Release|Any CPU.Build.0 = Release|Any CPU
		{890B26C8-9EF0-4564-B847-BE6180B6740A}.Debug|Any CPU.ActiveCfg = Debug|Any CPU
		{890B26C8-9EF0-4564-B847-BE6180B6740A}.Debug|Any CPU.Build.0 = Debug|Any CPU
		{890B26C8-9EF0-4564-B847-BE6180B6740A}.Release|Any CPU.ActiveCfg = Release|Any CPU
		{890B26C8-9EF0-4564-B847-BE6180B6740A}.Release|Any CPU.Build.0 = Release|Any CPU
	EndGlobalSection
	GlobalSection(SolutionProperties) = preSolution
		HideSolutionNode = FALSE
	EndGlobalSection
	GlobalSection(ExtensibilityGlobals) = postSolution
		SolutionGuid = {5A7AF215-EF1B-4DA6-A797-A56D28C37077}
	EndGlobalSection
EndGlobal
